
Microsoft Visual Studio Solution File, Format Version 12.00
# Visual Studio Version 17
VisualStudioVersion = 17.5.33530.505
MinimumVisualStudioVersion = 10.0.40219.1
Project("{FAE04EC0-301F-11D3-BF4B-00C04F79EFBC}") = "BakeryExample", "BakeryExample\BakeryExample.csproj", "{B7FFD820-BDD7-4C61-B897-3A748848CA16}"
EndProject
Global
	GlobalSection(SolutionConfigurationPlatforms) = preSolution
		Debug|Any CPU = Debug|Any CPU
		Release|Any CPU = Release|Any CPU
	EndGlobalSection
	GlobalSection(ProjectConfigurationPlatforms) = postSolution
		{B7FFD820-BDD7-4C61-B897-3A748848CA16}.Debug|Any CPU.ActiveCfg = Debug|Any CPU
		{B7FFD820-BDD7-4C61-B897-3A748848CA16}.Debug|Any CPU.Build.0 = Debug|Any CPU
		{B7FFD820-BDD7-4C61-B897-3A748848CA16}.Release|Any CPU.ActiveCfg = Release|Any CPU
		{B7FFD820-BDD7-4C61-B897-3A748848CA16}.Release|Any CPU.Build.0 = Release|Any CPU
	EndGlobalSection
	GlobalSection(SolutionProperties) = preSolution
		HideSolutionNode = FALSE
	EndGlobalSection
	GlobalSection(ExtensibilityGlobals) = postSolution
		SolutionGuid = {83AE6E2A-A446-4A34-BB52-C69843D73976}
	EndGlobalSection
EndGlobal
